
Microsoft Visual Studio Solution File, Format Version 12.00
# Visual Studio Version 16
VisualStudioVersion = 16.0.31410.357
MinimumVisualStudioVersion = 10.0.40219.1
Project("{FAE04EC0-301F-11D3-BF4B-00C04F79EFBC}") = "PeerBackupService", "PeerBackupService\PeerBackupService.csproj", "{5BBAE86F-2A63-4A62-806E-B43418EEBCFF}"
EndProject
Project("{FAE04EC0-301F-11D3-BF4B-00C04F79EFBC}") = "PeerBackup.Data", "PeerBackup.Data\PeerBackup.Data.csproj", "{CF419258-D02C-4259-9315-C2CB60851D49}"
EndProject
Global
	GlobalSection(SolutionConfigurationPlatforms) = preSolution
		Debug|Any CPU = Debug|Any CPU
		Release|Any CPU = Release|Any CPU
	EndGlobalSection
	GlobalSection(ProjectConfigurationPlatforms) = postSolution
		{5BBAE86F-2A63-4A62-806E-B43418EEBCFF}.Debug|Any CPU.ActiveCfg = Debug|Any CPU
		{5BBAE86F-2A63-4A62-806E-B43418EEBCFF}.Debug|Any CPU.Build.0 = Debug|Any CPU
		{5BBAE86F-2A63-4A62-806E-B43418EEBCFF}.Release|Any CPU.ActiveCfg = Release|Any CPU
		{5BBAE86F-2A63-4A62-806E-B43418EEBCFF}.Release|Any CPU.Build.0 = Release|Any CPU
		{CF419258-D02C-4259-9315-C2CB60851D49}.Debug|Any CPU.ActiveCfg = Debug|Any CPU
		{CF419258-D02C-4259-9315-C2CB60851D49}.Debug|Any CPU.Build.0 = Debug|Any CPU
		{CF419258-D02C-4259-9315-C2CB60851D49}.Release|Any CPU.ActiveCfg = Release|Any CPU
		{CF419258-D02C-4259-9315-C2CB60851D49}.Release|Any CPU.Build.0 = Release|Any CPU
	EndGlobalSection
	GlobalSection(SolutionProperties) = preSolution
		HideSolutionNode = FALSE
	EndGlobalSection
	GlobalSection(ExtensibilityGlobals) = postSolution
		SolutionGuid = {455053A6-CA31-47C6-ABE6-23F0052AAA69}
	EndGlobalSection
EndGlobal
